
Microsoft Visual Studio Solution File, Format Version 12.00
# Visual Studio Version 17
VisualStudioVersion = 17.11.35222.181
MinimumVisualStudioVersion = 10.0.40219.1
Project("{FAE04EC0-301F-11D3-BF4B-00C04F79EFBC}") = "Masterly.NonEmptyList", "src\Masterly.NonEmptyList\Masterly.NonEmptyList.csproj", "{240EC59D-1FF1-4674-9A28-420B6FC59D98}"
EndProject
Project("{2150E333-8FDC-42A3-9474-1A3956D46DE8}") = "src", "src", "{C031D1F1-3DB7-4903-AD19-025D08C69775}"
EndProject
Project("{2150E333-8FDC-42A3-9474-1A3956D46DE8}") = "tests", "tests", "{24AC7088-ED5A-4DC2-AB21-E293A111144A}"
EndProject
Project("{FAE04EC0-301F-11D3-BF4B-00C04F79EFBC}") = "Masterly.NonEmptyList.Tests", "tests\Masterly.NonEmptyList.Tests\Masterly.NonEmptyList.Tests.csproj", "{21B4CEEF-0316-45D4-97CB-D5BA6244B2B8}"
EndProject
Project("{2150E333-8FDC-42A3-9474-1A3956D46DE8}") = "Solution Items", "Solution Items", "{5385CAFF-A72C-46EB-8010-63F8C9A864D7}"
	ProjectSection(SolutionItems) = preProject
		.editorconfig = .editorconfig
	EndProjectSection
EndProject
Project("{FAE04EC0-301F-11D3-BF4B-00C04F79EFBC}") = "Masterly.NonEmptyList.EntityFrameworkCore", "src\Masterly.NonEmptyList.EntityFrameworkCore\Masterly.NonEmptyList.EntityFrameworkCore.csproj", "{F0C40721-281D-43F1-A949-0F562448DA31}"
EndProject
Project("{FAE04EC0-301F-11D3-BF4B-00C04F79EFBC}") = "Masterly.NonEmptyList.EntityFrameworkCore.Tests", "tests\Masterly.NonEmptyList.EntityFrameworkCore.Tests\Masterly.NonEmptyList.EntityFrameworkCore.Tests.csproj", "{A1B2C3D4-E5F6-7890-ABCD-EF1234567890}"
EndProject
Global
	GlobalSection(SolutionConfigurationPlatforms) = preSolution
		Debug|Any CPU = Debug|Any CPU
		Debug|x64 = Debug|x64
		Debug|x86 = Debug|x86
		Release|Any CPU = Release|Any CPU
		Release|x64 = Release|x64
		Release|x86 = Release|x86
	EndGlobalSection
	GlobalSection(ProjectConfigurationPlatforms) = postSolution
		{240EC59D-1FF1-4674-9A28-420B6FC59D98}.Debug|Any CPU.ActiveCfg = Debug|Any CPU
		{240EC59D-1FF1-4674-9A28-420B6FC59D98}.Debug|Any CPU.Build.0 = Debug|Any CPU
		{240EC59D-1FF1-4674-9A28-420B6FC59D98}.Debug|x64.ActiveCfg = Debug|Any CPU
		{240EC59D-1FF1-4674-9A28-420B6FC59D98}.Debug|x64.Build.0 = Debug|Any CPU
		{240EC59D-1FF1-4674-9A28-420B6FC59D98}.Debug|x86.ActiveCfg = Debug|Any CPU
		{240EC59D-1FF1-4674-9A28-420B6FC59D98}.Debug|x86.Build.0 = Debug|Any CPU
		{240EC59D-1FF1-4674-9A28-420B6FC59D98}.Release|Any CPU.ActiveCfg = Release|Any CPU
		{240EC59D-1FF1-4674-9A28-420B6FC59D98}.Release|Any CPU.Build.0 = Release|Any CPU
		{240EC59D-1FF1-4674-9A28-420B6FC59D98}.Release|x64.ActiveCfg = Release|Any CPU
		{240EC59D-1FF1-4674-9A28-420B6FC59D98}.Release|x64.Build.0 = Release|Any CPU
		{240EC59D-1FF1-4674-9A28-420B6FC59D98}.Release|x86.ActiveCfg = Release|Any CPU
		{240EC59D-1FF1-4674-9A28-420B6FC59D98}.Release|x86.Build.0 = Release|Any CPU
		{21B4CEEF-0316-45D4-97CB-D5BA6244B2B8}.Debug|Any CPU.ActiveCfg = Debug|Any CPU
		{21B4CEEF-0316-45D4-97CB-D5BA6244B2B8}.Debug|Any CPU.Build.0 = Debug|Any CPU
		{21B4CEEF-0316-45D4-97CB-D5BA6244B2B8}.Debug|x64.ActiveCfg = Debug|Any CPU
		{21B4CEEF-0316-45D4-97CB-D5BA6244B2B8}.Debug|x64.Build.0 = Debug|Any CPU
		{21B4CEEF-0316-45D4-97CB-D5BA6244B2B8}.Debug|x86.ActiveCfg = Debug|Any CPU
		{21B4CEEF-0316-45D4-97CB-D5BA6244B2B8}.Debug|x86.Build.0 = Debug|Any CPU
		{21B4CEEF-0316-45D4-97CB-D5BA6244B2B8}.Release|Any CPU.ActiveCfg = Release|Any CPU
		{21B4CEEF-0316-45D4-97CB-D5BA6244B2B8}.Release|Any CPU.Build.0 = Release|Any CPU
		{21B4CEEF-0316-45D4-97CB-D5BA6244B2B8}.Release|x64.ActiveCfg = Release|Any CPU
		{21B4CEEF-0316-45D4-97CB-D5BA6244B2B8}.Release|x64.Build.0 = Release|Any CPU
		{21B4CEEF-0316-45D4-97CB-D5BA6244B2B8}.Release|x86.ActiveCfg = Release|Any CPU
		{21B4CEEF-0316-45D4-97CB-D5BA6244B2B8}.Release|x86.Build.0 = Release|Any CPU
		{F0C40721-281D-43F1-A949-0F562448DA31}.Debug|Any CPU.ActiveCfg = Debug|Any CPU
		{F0C40721-281D-43F1-A949-0F562448DA31}.Debug|Any CPU.Build.0 = Debug|Any CPU
		{F0C40721-281D-43F1-A949-0F562448DA31}.Debug|x64.ActiveCfg = Debug|Any CPU
		{F0C40721-281D-43F1-A949-0F562448DA31}.Debug|x64.Build.0 = Debug|Any CPU
		{F0C40721-281D-43F1-A949-0F562448DA31}.Debug|x86.ActiveCfg = Debug|Any CPU
		{F0C40721-281D-43F1-A949-0F562448DA31}.Debug|x86.Build.0 = Debug|Any CPU
		{F0C40721-281D-43F1-A949-0F562448DA31}.Release|Any CPU.ActiveCfg = Release|Any CPU
		{F0C40721-281D-43F1-A949-0F562448DA31}.Release|Any CPU.Build.0 = Release|Any CPU
		{F0C40721-281D-43F1-A949-0F562448DA31}.Release|x64.ActiveCfg = Release|Any CPU
		{F0C40721-281D-43F1-A949-0F562448DA31}.Release|x64.Build.0 = Release|Any CPU
		{F0C40721-281D-43F1-A949-0F562448DA31}.Release|x86.ActiveCfg = Release|Any CPU
		{F0C40721-281D-43F1-A949-0F562448DA31}.Release|x86.Build.0 = Release|Any CPU
		{A1B2C3D4-E5F6-7890-ABCD-EF1234567890}.Debug|Any CPU.ActiveCfg = Debug|Any CPU
		{A1B2C3D4-E5F6-7890-ABCD-EF1234567890}.Debug|Any CPU.Build.0 = Debug|Any CPU
		{A1B2C3D4-E5F6-7890-ABCD-EF1234567890}.Debug|x64.ActiveCfg = Debug|Any CPU
		{A1B2C3D4-E5F6-7890-ABCD-EF1234567890}.Debug|x64.Build.0 = Debug|Any CPU
		{A1B2C3D4-E5F6-7890-ABCD-EF1234567890}.Debug|x86.ActiveCfg = Debug|Any CPU
		{A1B2C3D4-E5F6-7890-ABCD-EF1234567890}.Debug|x86.Build.0 = Debug|Any CPU
		{A1B2C3D4-E5F6-7890-ABCD-EF1234567890}.Release|Any CPU.ActiveCfg = Release|Any CPU
		{A1B2C3D4-E5F6-7890-ABCD-EF1234567890}.Release|Any CPU.Build.0 = Release|Any CPU
		{A1B2C3D4-E5F6-7890-ABCD-EF1234567890}.Release|x64.ActiveCfg = Release|Any CPU
		{A1B2C3D4-E5F6-7890-ABCD-EF1234567890}.Release|x64.Build.0 = Release|Any CPU
		{A1B2C3D4-E5F6-7890-ABCD-EF1234567890}.Release|x86.ActiveCfg = Release|Any CPU
		{A1B2C3D4-E5F6-7890-ABCD-EF1234567890}.Release|x86.Build.0 = Release|Any CPU
	EndGlobalSection
	GlobalSection(SolutionProperties) = preSolution
		HideSolutionNode = FALSE
	EndGlobalSection
	GlobalSection(NestedProjects) = preSolution
		{240EC59D-1FF1-4674-9A28-420B6FC59D98} = {C031D1F1-3DB7-4903-AD19-025D08C69775}
		{21B4CEEF-0316-45D4-97CB-D5BA6244B2B8} = {24AC7088-ED5A-4DC2-AB21-E293A111144A}
		{F0C40721-281D-43F1-A949-0F562448DA31} = {C031D1F1-3DB7-4903-AD19-025D08C69775}
		{A1B2C3D4-E5F6-7890-ABCD-EF1234567890} = {24AC7088-ED5A-4DC2-AB21-E293A111144A}
	EndGlobalSection
	GlobalSection(ExtensibilityGlobals) = postSolution
		SolutionGuid = {8B48D79B-709E-4933-9005-8191D58215CA}
	EndGlobalSection
EndGlobal
